PODS:
  - Brocade (1.0.0)
  - Nimble (9.0.0-rc.1)
  - Quick (3.0.0)

DEPENDENCIES:
  - Brocade (from `../`)
  - Nimble (= 9.0.0-rc.1)
  - Quick (~> 3.0)

SPEC REPOS:
  trunk:
    - Nimble
    - Quick

EXTERNAL SOURCES:
  Brocade:
    :path: "../"

SPEC CHECKSUMS:
  Brocade: 1230f39c471bc3e960c2dacc7e647a6e7d6d2545
  Nimble: 24c041e70822edf860c31aca2215063d1a35024c
  Quick: 6d9559f40647bc4d510103842ef2fdd882d753e2

PODFILE CHECKSUM: 9db40f89514775d09356c298b3d62fadcdf81a87

COCOAPODS: 1.9.0
